
Microsoft Visual Studio Solution File, Format Version 12.00
# Visual Studio Version 16
VisualStudioVersion = 16.0.30011.22
MinimumVisualStudioVersion = 10.0.40219.1
Project("{FAE04EC0-301F-11D3-BF4B-00C04F79EFBC}") = "WebViewSample.UWP", "WebViewSample\WebViewSample.UWP\WebViewSample.UWP.csproj", "{350C3BFD-A95C-427C-B558-36B5C8F3CF51}"
EndProject
Project("{FAE04EC0-301F-11D3-BF4B-00C04F79EFBC}") = "WebViewSample.Android", "WebViewSample\WebViewSample.Android\WebViewSample.Android.csproj", "{65554E27-5A0C-4C01-8FEB-6835BC8B8DD2}"
EndProject
Project("{FAE04EC0-301F-11D3-BF4B-00C04F79EFBC}") = "WebViewSample.iOS", "WebViewSample\WebViewSample.iOS\WebViewSample.iOS.csproj", "{464831CB-7775-4CBC-BC78-6EC74DE363EB}"
EndProject
Project("{FAE04EC0-301F-11D3-BF4B-00C04F79EFBC}") = "WebViewSample", "WebViewSample\WebViewSample\WebViewSample.csproj", "{E6BEDE1B-C1F3-46E8-AAA3-35BA9724E169}"
EndProject
Project("{9A19103F-16F7-4668-BE54-9A1E7A4F7556}") = "SmartReader", "WebViewSample\SmartReader\SmartReader.csproj", "{61FCAF2D-9DC2-4692-AE3C-BF4D40D1A7DF}"
EndProject
Global
	GlobalSection(SolutionConfigurationPlatforms) = preSolution
		Debug|Any CPU = Debug|Any CPU
		Debug|ARM = Debug|ARM
		Debug|iPhone = Debug|iPhone
		Debug|iPhoneSimulator = Debug|iPhoneSimulator
		Debug|x64 = Debug|x64
		Debug|x86 = Debug|x86
		Release|Any CPU = Release|Any CPU
		Release|ARM = Release|ARM
		Release|iPhone = Release|iPhone
		Release|iPhoneSimulator = Release|iPhoneSimulator
		Release|x64 = Release|x64
		Release|x86 = Release|x86
	EndGlobalSection
	GlobalSection(ProjectConfigurationPlatforms) = postSolution
		{350C3BFD-A95C-427C-B558-36B5C8F3CF51}.Debug|Any CPU.ActiveCfg = Debug|x86
		{350C3BFD-A95C-427C-B558-36B5C8F3CF51}.Debug|Any CPU.Build.0 = Debug|x86
		{350C3BFD-A95C-427C-B558-36B5C8F3CF51}.Debug|Any CPU.Deploy.0 = Debug|x86
		{350C3BFD-A95C-427C-B558-36B5C8F3CF51}.Debug|ARM.ActiveCfg = Debug|ARM
		{350C3BFD-A95C-427C-B558-36B5C8F3CF51}.Debug|ARM.Build.0 = Debug|ARM
		{350C3BFD-A95C-427C-B558-36B5C8F3CF51}.Debug|ARM.Deploy.0 = Debug|ARM
		{350C3BFD-A95C-427C-B558-36B5C8F3CF51}.Debug|iPhone.ActiveCfg = Debug|x86
		{350C3BFD-A95C-427C-B558-36B5C8F3CF51}.Debug|iPhone.Build.0 = Debug|x86
		{350C3BFD-A95C-427C-B558-36B5C8F3CF51}.Debug|iPhone.Deploy.0 = Debug|x86
		{350C3BFD-A95C-427C-B558-36B5C8F3CF51}.Debug|iPhoneSimulator.ActiveCfg = Debug|x86
		{350C3BFD-A95C-427C-B558-36B5C8F3CF51}.Debug|iPhoneSimulator.Build.0 = Debug|x86
		{350C3BFD-A95C-427C-B558-36B5C8F3CF51}.Debug|iPhoneSimulator.Deploy.0 = Debug|x86
		{350C3BFD-A95C-427C-B558-36B5C8F3CF51}.Debug|x64.ActiveCfg = Debug|x64
		{350C3BFD-A95C-427C-B558-36B5C8F3CF51}.Debug|x64.Build.0 = Debug|x64
		{350C3BFD-A95C-427C-B558-36B5C8F3CF51}.Debug|x64.Deploy.0 = Debug|x64
		{350C3BFD-A95C-427C-B558-36B5C8F3CF51}.Debug|x86.ActiveCfg = Debug|x86
		{350C3BFD-A95C-427C-B558-36B5C8F3CF51}.Debug|x86.Build.0 = Debug|x86
		{350C3BFD-A95C-427C-B558-36B5C8F3CF51}.Debug|x86.Deploy.0 = Debug|x86
		{350C3BFD-A95C-427C-B558-36B5C8F3CF51}.Release|Any CPU.ActiveCfg = Release|x86
		{350C3BFD-A95C-427C-B558-36B5C8F3CF51}.Release|Any CPU.Build.0 = Release|x86
		{350C3BFD-A95C-427C-B558-36B5C8F3CF51}.Release|Any CPU.Deploy.0 = Release|x86
		{350C3BFD-A95C-427C-B558-36B5C8F3CF51}.Release|ARM.ActiveCfg = Release|ARM
		{350C3BFD-A95C-427C-B558-36B5C8F3CF51}.Release|ARM.Build.0 = Release|ARM
		{350C3BFD-A95C-427C-B558-36B5C8F3CF51}.Release|ARM.Deploy.0 = Release|ARM
		{350C3BFD-A95C-427C-B558-36B5C8F3CF51}.Release|iPhone.ActiveCfg = Release|x86
		{350C3BFD-A95C-427C-B558-36B5C8F3CF51}.Release|iPhone.Build.0 = Release|x86
		{350C3BFD-A95C-427C-B558-36B5C8F3CF51}.Release|iPhone.Deploy.0 = Release|x86
		{350C3BFD-A95C-427C-B558-36B5C8F3CF51}.Release|iPhoneSimulator.ActiveCfg = Release|x86
		{350C3BFD-A95C-427C-B558-36B5C8F3CF51}.Release|iPhoneSimulator.Build.0 = Release|x86
		{350C3BFD-A95C-427C-B558-36B5C8F3CF51}.Release|iPhoneSimulator.Deploy.0 = Release|x86
		{350C3BFD-A95C-427C-B558-36B5C8F3CF51}.Release|x64.ActiveCfg = Release|x64
		{350C3BFD-A95C-427C-B558-36B5C8F3CF51}.Release|x64.Build.0 = Release|x64
		{350C3BFD-A95C-427C-B558-36B5C8F3CF51}.Release|x64.Deploy.0 = Release|x64
		{350C3BFD-A95C-427C-B558-36B5C8F3CF51}.Release|x86.ActiveCfg = Release|x86
		{350C3BFD-A95C-427C-B558-36B5C8F3CF51}.Release|x86.Build.0 = Release|x86
		{350C3BFD-A95C-427C-B558-36B5C8F3CF51}.Release|x86.Deploy.0 = Release|x86
		{65554E27-5A0C-4C01-8FEB-6835BC8B8DD2}.Debug|Any CPU.ActiveCfg = Debug|Any CPU
		{65554E27-5A0C-4C01-8FEB-6835BC8B8DD2}.Debug|Any CPU.Build.0 = Debug|Any CPU
		{65554E27-5A0C-4C01-8FEB-6835BC8B8DD2}.Debug|Any CPU.Deploy.0 = Debug|Any CPU
		{65554E27-5A0C-4C01-8FEB-6835BC8B8DD2}.Debug|ARM.ActiveCfg = Debug|Any CPU
		{65554E27-5A0C-4C01-8FEB-6835BC8B8DD2}.Debug|ARM.Build.0 = Debug|Any CPU
		{65554E27-5A0C-4C01-8FEB-6835BC8B8DD2}.Debug|ARM.Deploy.0 = Debug|Any CPU
		{65554E27-5A0C-4C01-8FEB-6835BC8B8DD2}.Debug|iPhone.ActiveCfg = Debug|Any CPU
		{65554E27-5A0C-4C01-8FEB-6835BC8B8DD2}.Debug|iPhone.Build.0 = Debug|Any CPU
		{65554E27-5A0C-4C01-8FEB-6835BC8B8DD2}.Debug|iPhone.Deploy.0 = Debug|Any CPU
		{65554E27-5A0C-4C01-8FEB-6835BC8B8DD2}.Debug|iPhoneSimulator.ActiveCfg = Debug|Any CPU
		{65554E27-5A0C-4C01-8FEB-6835BC8B8DD2}.Debug|iPhoneSimulator.Build.0 = Debug|Any CPU
		{65554E27-5A0C-4C01-8FEB-6835BC8B8DD2}.Debug|iPhoneSimulator.Deploy.0 = Debug|Any CPU
		{65554E27-5A0C-4C01-8FEB-6835BC8B8DD2}.Debug|x64.ActiveCfg = Debug|Any CPU
		{65554E27-5A0C-4C01-8FEB-6835BC8B8DD2}.Debug|x64.Build.0 = Debug|Any CPU
		{65554E27-5A0C-4C01-8FEB-6835BC8B8DD2}.Debug|x64.Deploy.0 = Debug|Any CPU
		{65554E27-5A0C-4C01-8FEB-6835BC8B8DD2}.Debug|x86.ActiveCfg = Debug|Any CPU
		{65554E27-5A0C-4C01-8FEB-6835BC8B8DD2}.Debug|x86.Build.0 = Debug|Any CPU
		{65554E27-5A0C-4C01-8FEB-6835BC8B8DD2}.Debug|x86.Deploy.0 = Debug|Any CPU
		{65554E27-5A0C-4C01-8FEB-6835BC8B8DD2}.Release|Any CPU.ActiveCfg = Release|Any CPU
		{65554E27-5A0C-4C01-8FEB-6835BC8B8DD2}.Release|Any CPU.Build.0 = Release|Any CPU
		{65554E27-5A0C-4C01-8FEB-6835BC8B8DD2}.Release|Any CPU.Deploy.0 = Release|Any CPU
		{65554E27-5A0C-4C01-8FEB-6835BC8B8DD2}.Release|ARM.ActiveCfg = Release|Any CPU
		{65554E27-5A0C-4C01-8FEB-6835BC8B8DD2}.Release|ARM.Build.0 = Release|Any CPU
		{65554E27-5A0C-4C01-8FEB-6835BC8B8DD2}.Release|ARM.Deploy.0 = Release|Any CPU
		{65554E27-5A0C-4C01-8FEB-6835BC8B8DD2}.Release|iPhone.ActiveCfg = Release|Any CPU
		{65554E27-5A0C-4C01-8FEB-6835BC8B8DD2}.Release|iPhone.Build.0 = Release|Any CPU
		{65554E27-5A0C-4C01-8FEB-6835BC8B8DD2}.Release|iPhone.Deploy.0 = Release|Any CPU
		{65554E27-5A0C-4C01-8FEB-6835BC8B8DD2}.Release|iPhoneSimulator.ActiveCfg = Release|Any CPU
		{65554E27-5A0C-4C01-8FEB-6835BC8B8DD2}.Release|iPhoneSimulator.Build.0 = Release|Any CPU
		{65554E27-5A0C-4C01-8FEB-6835BC8B8DD2}.Release|iPhoneSimulator.Deploy.0 = Release|Any CPU
		{65554E27-5A0C-4C01-8FEB-6835BC8B8DD2}.Release|x64.ActiveCfg = Release|Any CPU
		{65554E27-5A0C-4C01-8FEB-6835BC8B8DD2}.Release|x64.Build.0 = Release|Any CPU
		{65554E27-5A0C-4C01-8FEB-6835BC8B8DD2}.Release|x64.Deploy.0 = Release|Any CPU
		{65554E27-5A0C-4C01-8FEB-6835BC8B8DD2}.Release|x86.ActiveCfg = Release|Any CPU
		{65554E27-5A0C-4C01-8FEB-6835BC8B8DD2}.Release|x86.Build.0 = Release|Any CPU
		{65554E27-5A0C-4C01-8FEB-6835BC8B8DD2}.Release|x86.Deploy.0 = Release|Any CPU
		{464831CB-7775-4CBC-BC78-6EC74DE363EB}.Debug|Any CPU.ActiveCfg = Debug|iPhone
		{464831CB-7775-4CBC-BC78-6EC74DE363EB}.Debug|Any CPU.Build.0 = Debug|iPhone
		{464831CB-7775-4CBC-BC78-6EC74DE363EB}.Debug|Any CPU.Deploy.0 = Debug|iPhone
		{464831CB-7775-4CBC-BC78-6EC74DE363EB}.Debug|ARM.ActiveCfg = Debug|iPhone
		{464831CB-7775-4CBC-BC78-6EC74DE363EB}.Debug|ARM.Build.0 = Debug|iPhone
		{464831CB-7775-4CBC-BC78-6EC74DE363EB}.Debug|ARM.Deploy.0 = Debug|iPhone
		{464831CB-7775-4CBC-BC78-6EC74DE363EB}.Debug|iPhone.ActiveCfg = Debug|iPhone
		{464831CB-7775-4CBC-BC78-6EC74DE363EB}.Debug|iPhone.Build.0 = Debug|iPhone
		{464831CB-7775-4CBC-BC78-6EC74DE363EB}.Debug|iPhone.Deploy.0 = Debug|iPhone
		{464831CB-7775-4CBC-BC78-6EC74DE363EB}.Debug|iPhoneSimulator.ActiveCfg = Debug|iPhoneSimulator
		{464831CB-7775-4CBC-BC78-6EC74DE363EB}.Debug|iPhoneSimulator.Build.0 = Debug|iPhoneSimulator
		{464831CB-7775-4CBC-BC78-6EC74DE363EB}.Debug|iPhoneSimulator.Deploy.0 = Debug|iPhoneSimulator
		{464831CB-7775-4CBC-BC78-6EC74DE363EB}.Debug|x64.ActiveCfg = Debug|iPhone
		{464831CB-7775-4CBC-BC78-6EC74DE363EB}.Debug|x64.Build.0 = Debug|iPhone
		{464831CB-7775-4CBC-BC78-6EC74DE363EB}.Debug|x64.Deploy.0 = Debug|iPhone
		{464831CB-7775-4CBC-BC78-6EC74DE363EB}.Debug|x86.ActiveCfg = Debug|iPhone
		{464831CB-7775-4CBC-BC78-6EC74DE363EB}.Debug|x86.Build.0 = Debug|iPhone
		{464831CB-7775-4CBC-BC78-6EC74DE363EB}.Debug|x86.Deploy.0 = Debug|iPhone
		{464831CB-7775-4CBC-BC78-6EC74DE363EB}.Release|Any CPU.ActiveCfg = Release|iPhone
		{464831CB-7775-4CBC-BC78-6EC74DE363EB}.Release|Any CPU.Build.0 = Release|iPhone
		{464831CB-7775-4CBC-BC78-6EC74DE363EB}.Release|Any CPU.Deploy.0 = Release|iPhone
		{464831CB-7775-4CBC-BC78-6EC74DE363EB}.Release|ARM.ActiveCfg = Release|iPhone
		{464831CB-7775-4CBC-BC78-6EC74DE363EB}.Release|ARM.Build.0 = Release|iPhone
		{464831CB-7775-4CBC-BC78-6EC74DE363EB}.Release|ARM.Deploy.0 = Release|iPhone
		{464831CB-7775-4CBC-BC78-6EC74DE363EB}.Release|iPhone.ActiveCfg = Release|iPhone
		{464831CB-7775-4CBC-BC78-6EC74DE363EB}.Release|iPhone.Build.0 = Release|iPhone
		{464831CB-7775-4CBC-BC78-6EC74DE363EB}.Release|iPhone.Deploy.0 = Release|iPhone
		{464831CB-7775-4CBC-BC78-6EC74DE363EB}.Release|iPhoneSimulator.ActiveCfg = Release|iPhoneSimulator
		{464831CB-7775-4CBC-BC78-6EC74DE363EB}.Release|iPhoneSimulator.Build.0 = Release|iPhoneSimulator
		{464831CB-7775-4CBC-BC78-6EC74DE363EB}.Release|iPhoneSimulator.Deploy.0 = Release|iPhoneSimulator
		{464831CB-7775-4CBC-BC78-6EC74DE363EB}.Release|x64.ActiveCfg = Release|iPhone
		{464831CB-7775-4CBC-BC78-6EC74DE363EB}.Release|x64.Build.0 = Release|iPhone
		{464831CB-7775-4CBC-BC78-6EC74DE363EB}.Release|x64.Deploy.0 = Release|iPhone
		{464831CB-7775-4CBC-BC78-6EC74DE363EB}.Release|x86.ActiveCfg = Release|iPhone
		{464831CB-7775-4CBC-BC78-6EC74DE363EB}.Release|x86.Build.0 = Release|iPhone
		{464831CB-7775-4CBC-BC78-6EC74DE363EB}.Release|x86.Deploy.0 = Release|iPhone
		{E6BEDE1B-C1F3-46E8-AAA3-35BA9724E169}.Debug|Any CPU.ActiveCfg = Debug|Any CPU
		{E6BEDE1B-C1F3-46E8-AAA3-35BA9724E169}.Debug|Any CPU.Build.0 = Debug|Any CPU
		{E6BEDE1B-C1F3-46E8-AAA3-35BA9724E169}.Debug|Any CPU.Deploy.0 = Debug|Any CPU
		{E6BEDE1B-C1F3-46E8-AAA3-35BA9724E169}.Debug|ARM.ActiveCfg = Debug|Any CPU
		{E6BEDE1B-C1F3-46E8-AAA3-35BA9724E169}.Debug|ARM.Build.0 = Debug|Any CPU
		{E6BEDE1B-C1F3-46E8-AAA3-35BA9724E169}.Debug|ARM.Deploy.0 = Debug|Any CPU
		{E6BEDE1B-C1F3-46E8-AAA3-35BA9724E169}.Debug|iPhone.ActiveCfg = Debug|Any CPU
		{E6BEDE1B-C1F3-46E8-AAA3-35BA9724E169}.Debug|iPhone.Build.0 = Debug|Any CPU
		{E6BEDE1B-C1F3-46E8-AAA3-35BA9724E169}.Debug|iPhone.Deploy.0 = Debug|Any CPU
		{E6BEDE1B-C1F3-46E8-AAA3-35BA9724E169}.Debug|iPhoneSimulator.ActiveCfg = Debug|Any CPU
		{E6BEDE1B-C1F3-46E8-AAA3-35BA9724E169}.Debug|iPhoneSimulator.Build.0 = Debug|Any CPU
		{E6BEDE1B-C1F3-46E8-AAA3-35BA9724E169}.Debug|iPhoneSimulator.Deploy.0 = Debug|Any CPU
		{E6BEDE1B-C1F3-46E8-AAA3-35BA9724E169}.Debug|x64.ActiveCfg = Debug|Any CPU
		{E6BEDE1B-C1F3-46E8-AAA3-35BA9724E169}.Debug|x64.Build.0 = Debug|Any CPU
		{E6BEDE1B-C1F3-46E8-AAA3-35BA9724E169}.Debug|x64.Deploy.0 = Debug|Any CPU
		{E6BEDE1B-C1F3-46E8-AAA3-35BA9724E169}.Debug|x86.ActiveCfg = Debug|Any CPU
		{E6BEDE1B-C1F3-46E8-AAA3-35BA9724E169}.Debug|x86.Build.0 = Debug|Any CPU
		{E6BEDE1B-C1F3-46E8-AAA3-35BA9724E169}.Debug|x86.Deploy.0 = Debug|Any CPU
		{E6BEDE1B-C1F3-46E8-AAA3-35BA9724E169}.Release|Any CPU.ActiveCfg = Release|Any CPU
		{E6BEDE1B-C1F3-46E8-AAA3-35BA9724E169}.Release|Any CPU.Build.0 = Release|Any CPU
		{E6BEDE1B-C1F3-46E8-AAA3-35BA9724E169}.Release|Any CPU.Deploy.0 = Release|Any CPU
		{E6BEDE1B-C1F3-46E8-AAA3-35BA9724E169}.Release|ARM.ActiveCfg = Release|Any CPU
		{E6BEDE1B-C1F3-46E8-AAA3-35BA9724E169}.Release|ARM.Build.0 = Release|Any CPU
		{E6BEDE1B-C1F3-46E8-AAA3-35BA9724E169}.Release|ARM.Deploy.0 = Release|Any CPU
		{E6BEDE1B-C1F3-46E8-AAA3-35BA9724E169}.Release|iPhone.ActiveCfg = Release|Any CPU
		{E6BEDE1B-C1F3-46E8-AAA3-35BA9724E169}.Release|iPhone.Build.0 = Release|Any CPU
		{E6BEDE1B-C1F3-46E8-AAA3-35BA9724E169}.Release|iPhone.Deploy.0 = Release|Any CPU
		{E6BEDE1B-C1F3-46E8-AAA3-35BA9724E169}.Release|iPhoneSimulator.ActiveCfg = Release|Any CPU
		{E6BEDE1B-C1F3-46E8-AAA3-35BA9724E169}.Release|iPhoneSimulator.Build.0 = Release|Any CPU
		{E6BEDE1B-C1F3-46E8-AAA3-35BA9724E169}.Release|iPhoneSimulator.Deploy.0 = Release|Any CPU
		{E6BEDE1B-C1F3-46E8-AAA3-35BA9724E169}.Release|x64.ActiveCfg = Release|Any CPU
		{E6BEDE1B-C1F3-46E8-AAA3-35BA9724E169}.Release|x64.Build.0 = Release|Any CPU
		{E6BEDE1B-C1F3-46E8-AAA3-35BA9724E169}.Release|x64.Deploy.0 = Release|Any CPU
		{E6BEDE1B-C1F3-46E8-AAA3-35BA9724E169}.Release|x86.ActiveCfg = Release|Any CPU
		{E6BEDE1B-C1F3-46E8-AAA3-35BA9724E169}.Release|x86.Build.0 = Release|Any CPU
		{E6BEDE1B-C1F3-46E8-AAA3-35BA9724E169}.Release|x86.Deploy.0 = Release|Any CPU
		{61FCAF2D-9DC2-4692-AE3C-BF4D40D1A7DF}.Debug|Any CPU.ActiveCfg = Debug|Any CPU
		{61FCAF2D-9DC2-4692-AE3C-BF4D40D1A7DF}.Debug|Any CPU.Build.0 = Debug|Any CPU
		{61FCAF2D-9DC2-4692-AE3C-BF4D40D1A7DF}.Debug|ARM.ActiveCfg = Debug|Any CPU
		{61FCAF2D-9DC2-4692-AE3C-BF4D40D1A7DF}.Debug|ARM.Build.0 = Debug|Any CPU
		{61FCAF2D-9DC2-4692-AE3C-BF4D40D1A7DF}.Debug|iPhone.ActiveCfg = Debug|Any CPU
		{61FCAF2D-9DC2-4692-AE3C-BF4D40D1A7DF}.Debug|iPhone.Build.0 = Debug|Any CPU
		{61FCAF2D-9DC2-4692-AE3C-BF4D40D1A7DF}.Debug|iPhoneSimulator.ActiveCfg = Debug|Any CPU
		{61FCAF2D-9DC2-4692-AE3C-BF4D40D1A7DF}.Debug|iPhoneSimulator.Build.0 = Debug|Any CPU
		{61FCAF2D-9DC2-4692-AE3C-BF4D40D1A7DF}.Debug|x64.ActiveCfg = Debug|Any CPU
		{61FCAF2D-9DC2-4692-AE3C-BF4D40D1A7DF}.Debug|x64.Build.0 = Debug|Any CPU
		{61FCAF2D-9DC2-4692-AE3C-BF4D40D1A7DF}.Debug|x86.ActiveCfg = Debug|Any CPU
		{61FCAF2D-9DC2-4692-AE3C-BF4D40D1A7DF}.Debug|x86.Build.0 = Debug|Any CPU
		{61FCAF2D-9DC2-4692-AE3C-BF4D40D1A7DF}.Release|Any CPU.ActiveCfg = Release|Any CPU
		{61FCAF2D-9DC2-4692-AE3C-BF4D40D1A7DF}.Release|Any CPU.Build.0 = Release|Any CPU
		{61FCAF2D-9DC2-4692-AE3C-BF4D40D1A7DF}.Release|ARM.ActiveCfg = Release|Any CPU
		{61FCAF2D-9DC2-4692-AE3C-BF4D40D1A7DF}.Release|ARM.Build.0 = Release|Any CPU
		{61FCAF2D-9DC2-4692-AE3C-BF4D40D1A7DF}.Release|iPhone.ActiveCfg = Release|Any CPU
		{61FCAF2D-9DC2-4692-AE3C-BF4D40D1A7DF}.Release|iPhone.Build.0 = Release|Any CPU
		{61FCAF2D-9DC2-4692-AE3C-BF4D40D1A7DF}.Release|iPhoneSimulator.ActiveCfg = Release|Any CPU
		{61FCAF2D-9DC2-4692-AE3C-BF4D40D1A7DF}.Release|iPhoneSimulator.Build.0 = Release|Any CPU
		{61FCAF2D-9DC2-4692-AE3C-BF4D40D1A7DF}.Release|x64.ActiveCfg = Release|Any CPU
		{61FCAF2D-9DC2-4692-AE3C-BF4D40D1A7DF}.Release|x64.Build.0 = Release|Any CPU
		{61FCAF2D-9DC2-4692-AE3C-BF4D40D1A7DF}.Release|x86.ActiveCfg = Release|Any CPU
		{61FCAF2D-9DC2-4692-AE3C-BF4D40D1A7DF}.Release|x86.Build.0 = Release|Any CPU
	EndGlobalSection
	GlobalSection(SolutionProperties) = preSolution
		HideSolutionNode = FALSE
	EndGlobalSection
	GlobalSection(ExtensibilityGlobals) = postSolution
		SolutionGuid = {AE7E127C-709D-4C91-9CEC-92B5DB243446}
	EndGlobalSection
EndGlobal
